// !$*UTF8*$!
{
	archiveVersion = 1;
	classes = {
	};
	objectVersion = 48;
	objects = {

/* Begin PBXBuildFile section */
		30A2303EA9066CAC2C2A2D68 /* Pods_TwitterApp_sqlite_alamofire_TDDUITests.framework in Frameworks */ = {isa = PBXBuildFile; fileRef = 31BBCB2D4607749BD082CB24 /* Pods_TwitterApp_sqlite_alamofire_TDDUITests.framework */; };
		37C0C8ED1DDB818CBC2CBCF3 /* Pods_TwitterApp_sqlite_alamofire_TDD.framework in Frameworks */ = {isa = PBXBuildFile; fileRef = B20AF41D1D75D9F1D227A657 /* Pods_TwitterApp_sqlite_alamofire_TDD.framework */; };
		6FAE9E04F5356F9E2968911A /* Pods_TwitterApp_sqlite_alamofire_TDDTests.framework in Frameworks */ = {isa = PBXBuildFile; fileRef = 10BE6ACE464430AEFA8FDE74 /* Pods_TwitterApp_sqlite_alamofire_TDDTests.framework */; };
		B1114FB32055F21200217153 /* AppDelegate.swift in Sources */ = {isa = PBXBuildFile; fileRef = B1114FB22055F21200217153 /* AppDelegate.swift */; };
		B1114FB52055F21200217153 /* ViewController.swift in Sources */ = {isa = PBXBuildFile; fileRef = B1114FB42055F21200217153 /* ViewController.swift */; };
		B1114FB82055F21200217153 /* Main.storyboard in Resources */ = {isa = PBXBuildFile; fileRef = B1114FB62055F21200217153 /* Main.storyboard */; };
		B1114FBA2055F21200217153 /* Assets.xcassets in Resources */ = {isa = PBXBuildFile; fileRef = B1114FB92055F21200217153 /* Assets.xcassets */; };
		B1114FBD2055F21200217153 /* LaunchScreen.storyboard in Resources */ = {isa = PBXBuildFile; fileRef = B1114FBB2055F21200217153 /* LaunchScreen.storyboard */; };
		B1114FC82055F21300217153 /* TwitterApp_sqlite_alamofire_TDDTests.swift in Sources */ = {isa = PBXBuildFile; fileRef = B1114FC72055F21300217153 /* TwitterApp_sqlite_alamofire_TDDTests.swift */; };
		B1114FD32055F21300217153 /* TwitterApp_sqlite_alamofire_TDDUITests.swift in Sources */ = {isa = PBXBuildFile; fileRef = B1114FD22055F21300217153 /* TwitterApp_sqlite_alamofire_TDDUITests.swift */; };
		B1114FE52055FA5A00217153 /* TwitterDomainTest.swift in Sources */ = {isa = PBXBuildFile; fileRef = B1114FE42055FA5A00217153 /* TwitterDomainTest.swift */; };
		B1114FEB2055FCFC00217153 /* TweetDTO.swift in Sources */ = {isa = PBXBuildFile; fileRef = B1114FEA2055FCFC00217153 /* TweetDTO.swift */; };
		B1114FED205600E100217153 /* TweetDomain.swift in Sources */ = {isa = PBXBuildFile; fileRef = B1114FEC205600E100217153 /* TweetDomain.swift */; };
		B1114FF12056044F00217153 /* TweetDB.swift in Sources */ = {isa = PBXBuildFile; fileRef = B1114FF02056044F00217153 /* TweetDB.swift */; };
		B1114FF820560E4000217153 /* TweetRepositoryProtocol.swift in Sources */ = {isa = PBXBuildFile; fileRef = B1114FF720560E4000217153 /* TweetRepositoryProtocol.swift */; };
		B1114FFA20560EE100217153 /* TweetMockRepository.swift in Sources */ = {isa = PBXBuildFile; fileRef = B1114FF920560EE100217153 /* TweetMockRepository.swift */; };
		B1114FFC20560F0B00217153 /* TweetDao.swift in Sources */ = {isa = PBXBuildFile; fileRef = B1114FFB20560F0B00217153 /* TweetDao.swift */; };
/* End PBXBuildFile section */

/* Begin PBXContainerItemProxy section */
		B1114FC42055F21300217153 /* PBXContainerItemProxy */ = {
			isa = PBXContainerItemProxy;
			containerPortal = B1114FA72055F21200217153 /* Project object */;
			proxyType = 1;
			remoteGlobalIDString = B1114FAE2055F21200217153;
			remoteInfo = "TwitterApp-sqlite-alamofire-TDD";
		};
		B1114FCF2055F21300217153 /* PBXContainerItemProxy */ = {
			isa = PBXContainerItemProxy;
			containerPortal = B1114FA72055F21200217153 /* Project object */;
			proxyType = 1;
			remoteGlobalIDString = B1114FAE2055F21200217153;
			remoteInfo = "TwitterApp-sqlite-alamofire-TDD";
		};
/* End PBXContainerItemProxy section */

/* Begin PBXFileReference section */
		056FB93664F4F048F7D62B8D /* Pods-TwitterApp-sqlite-alamofire-TDDTests.release.xcconfig */ = {isa = PBXFileReference; includeInIndex = 1; lastKnownFileType = text.xcconfig; name = "Pods-TwitterApp-sqlite-alamofire-TDDTests.release.xcconfig"; path = "Pods/Target Support Files/Pods-TwitterApp-sqlite-alamofire-TDDTests/Pods-TwitterApp-sqlite-alamofire-TDDTests.release.xcconfig"; sourceTree = "<group>"; };
		10BE6ACE464430AEFA8FDE74 /* Pods_TwitterApp_sqlite_alamofire_TDDTests.framework */ = {isa = PBXFileReference; explicitFileType = wrapper.framework; includeInIndex = 0; path = Pods_TwitterApp_sqlite_alamofire_TDDTests.framework; sourceTree = BUILT_PRODUCTS_DIR; };
		31BBCB2D4607749BD082CB24 /* Pods_TwitterApp_sqlite_alamofire_TDDUITests.framework */ = {isa = PBXFileReference; explicitFileType = wrapper.framework; includeInIndex = 0; path = Pods_TwitterApp_sqlite_alamofire_TDDUITests.framework; sourceTree = BUILT_PRODUCTS_DIR; };
		3828255B945BC296B1BCD289 /* Pods-TwitterApp-sqlite-alamofire-TDD.debug.xcconfig */ = {isa = PBXFileReference; includeInIndex = 1; lastKnownFileType = text.xcconfig; name = "Pods-TwitterApp-sqlite-alamofire-TDD.debug.xcconfig"; path = "Pods/Target Support Files/Pods-TwitterApp-sqlite-alamofire-TDD/Pods-TwitterApp-sqlite-alamofire-TDD.debug.xcconfig"; sourceTree = "<group>"; };
		54E68E672788BD3C42A94ADC /* Pods-TwitterApp-sqlite-alamofire-TDDUITests.release.xcconfig */ = {isa = PBXFileReference; includeInIndex = 1; lastKnownFileType = text.xcconfig; name = "Pods-TwitterApp-sqlite-alamofire-TDDUITests.release.xcconfig"; path = "Pods/Target Support Files/Pods-TwitterApp-sqlite-alamofire-TDDUITests/Pods-TwitterApp-sqlite-alamofire-TDDUITests.release.xcconfig"; sourceTree = "<group>"; };
		76AEC820997A5F27E8100391 /* Pods-TwitterApp-sqlite-alamofire-TDDUITests.debug.xcconfig */ = {isa = PBXFileReference; includeInIndex = 1; lastKnownFileType = text.xcconfig; name = "Pods-TwitterApp-sqlite-alamofire-TDDUITests.debug.xcconfig"; path = "Pods/Target Support Files/Pods-TwitterApp-sqlite-alamofire-TDDUITests/Pods-TwitterApp-sqlite-alamofire-TDDUITests.debug.xcconfig"; sourceTree = "<group>"; };
		87DF29E7E06C212CE1B86A06 /* Pods-TwitterApp-sqlite-alamofire-TDDTests.debug.xcconfig */ = {isa = PBXFileReference; includeInIndex = 1; lastKnownFileType = text.xcconfig; name = "Pods-TwitterApp-sqlite-alamofire-TDDTests.debug.xcconfig"; path = "Pods/Target Support Files/Pods-TwitterApp-sqlite-alamofire-TDDTests/Pods-TwitterApp-sqlite-alamofire-TDDTests.debug.xcconfig"; sourceTree = "<group>"; };
		B1114FAF2055F21200217153 /* TwitterApp-sqlite-alamofire-TDD.app */ = {isa = PBXFileReference; explicitFileType = wrapper.application; includeInIndex = 0; path = "TwitterApp-sqlite-alamofire-TDD.app"; sourceTree = BUILT_PRODUCTS_DIR; };
		B1114FB22055F21200217153 /* AppDelegate.swift */ = {isa = PBXFileReference; lastKnownFileType = sourcecode.swift; path = AppDelegate.swift; sourceTree = "<group>"; };
		B1114FB42055F21200217153 /* ViewController.swift */ = {isa = PBXFileReference; lastKnownFileType = sourcecode.swift; path = ViewController.swift; sourceTree = "<group>"; };
		B1114FB72055F21200217153 /* Base */ = {isa = PBXFileReference; lastKnownFileType = file.storyboard; name = Base; path = Base.lproj/Main.storyboard; sourceTree = "<group>"; };
		B1114FB92055F21200217153 /* Assets.xcassets */ = {isa = PBXFileReference; lastKnownFileType = folder.assetcatalog; path = Assets.xcassets; sourceTree = "<group>"; };
		B1114FBC2055F21200217153 /* Base */ = {isa = PBXFileReference; lastKnownFileType = file.storyboard; name = Base; path = Base.lproj/LaunchScreen.storyboard; sourceTree = "<group>"; };
		B1114FBE2055F21300217153 /* Info.plist */ = {isa = PBXFileReference; lastKnownFileType = text.plist.xml; path = Info.plist; sourceTree = "<group>"; };
		B1114FC32055F21300217153 /* TwitterApp-sqlite-alamofire-TDDTests.xctest */ = {isa = PBXFileReference; explicitFileType = wrapper.cfbundle; includeInIndex = 0; path = "TwitterApp-sqlite-alamofire-TDDTests.xctest"; sourceTree = BUILT_PRODUCTS_DIR; };
		B1114FC72055F21300217153 /* TwitterApp_sqlite_alamofire_TDDTests.swift */ = {isa = PBXFileReference; lastKnownFileType = sourcecode.swift; path = TwitterApp_sqlite_alamofire_TDDTests.swift; sourceTree = "<group>"; };
		B1114FC92055F21300217153 /* Info.plist */ = {isa = PBXFileReference; lastKnownFileType = text.plist.xml; path = Info.plist; sourceTree = "<group>"; };
		B1114FCE2055F21300217153 /* TwitterApp-sqlite-alamofire-TDDUITests.xctest */ = {isa = PBXFileReference; explicitFileType = wrapper.cfbundle; includeInIndex = 0; path = "TwitterApp-sqlite-alamofire-TDDUITests.xctest"; sourceTree = BUILT_PRODUCTS_DIR; };
		B1114FD22055F21300217153 /* TwitterApp_sqlite_alamofire_TDDUITests.swift */ = {isa = PBXFileReference; lastKnownFileType = sourcecode.swift; path = TwitterApp_sqlite_alamofire_TDDUITests.swift; sourceTree = "<group>"; };
		B1114FD42055F21300217153 /* Info.plist */ = {isa = PBXFileReference; lastKnownFileType = text.plist.xml; path = Info.plist; sourceTree = "<group>"; };
		B1114FE42055FA5A00217153 /* TwitterDomainTest.swift */ = {isa = PBXFileReference; lastKnownFileType = sourcecode.swift; path = TwitterDomainTest.swift; sourceTree = "<group>"; };
		B1114FEA2055FCFC00217153 /* TweetDTO.swift */ = {isa = PBXFileReference; lastKnownFileType = sourcecode.swift; path = TweetDTO.swift; sourceTree = "<group>"; };
		B1114FEC205600E100217153 /* TweetDomain.swift */ = {isa = PBXFileReference; lastKnownFileType = sourcecode.swift; path = TweetDomain.swift; sourceTree = "<group>"; };
		B1114FF02056044F00217153 /* TweetDB.swift */ = {isa = PBXFileReference; lastKnownFileType = sourcecode.swift; path = TweetDB.swift; sourceTree = "<group>"; };
		B1114FF720560E4000217153 /* TweetRepositoryProtocol.swift */ = {isa = PBXFileReference; lastKnownFileType = sourcecode.swift; path = TweetRepositoryProtocol.swift; sourceTree = "<group>"; };
		B1114FF920560EE100217153 /* TweetMockRepository.swift */ = {isa = PBXFileReference; lastKnownFileType = sourcecode.swift; path = TweetMockRepository.swift; sourceTree = "<group>"; };
		B1114FFB20560F0B00217153 /* TweetDao.swift */ = {isa = PBXFileReference; lastKnownFileType = sourcecode.swift; path = TweetDao.swift; sourceTree = "<group>"; };
		B20AF41D1D75D9F1D227A657 /* Pods_TwitterApp_sqlite_alamofire_TDD.framework */ = {isa = PBXFileReference; explicitFileType = wrapper.framework; includeInIndex = 0; path = Pods_TwitterApp_sqlite_alamofire_TDD.framework; sourceTree = BUILT_PRODUCTS_DIR; };
		C01440FFE2ED260143A8C1AA /* Pods-TwitterApp-sqlite-alamofire-TDD.release.xcconfig */ = {isa = PBXFileReference; includeInIndex = 1; lastKnownFileType = text.xcconfig; name = "Pods-TwitterApp-sqlite-alamofire-TDD.release.xcconfig"; path = "Pods/Target Support Files/Pods-TwitterApp-sqlite-alamofire-TDD/Pods-TwitterApp-sqlite-alamofire-TDD.release.xcconfig"; sourceTree = "<group>"; };
/* End PBXFileReference section */

/* Begin PBXFrameworksBuildPhase section */
		B1114FAC2055F21200217153 /* Frameworks */ = {
			isa = PBXFrameworksBuildPhase;
			buildActionMask = 2147483647;
			files = (
				37C0C8ED1DDB818CBC2CBCF3 /* Pods_TwitterApp_sqlite_alamofire_TDD.framework in Frameworks */,
			);
			runOnlyForDeploymentPostprocessing = 0;
		};
		B1114FC02055F21300217153 /* Frameworks */ = {
			isa = PBXFrameworksBuildPhase;
			buildActionMask = 2147483647;
			files = (
				6FAE9E04F5356F9E2968911A /* Pods_TwitterApp_sqlite_alamofire_TDDTests.framework in Frameworks */,
			);
			runOnlyForDeploymentPostprocessing = 0;
		};
		B1114FCB2055F21300217153 /* Frameworks */ = {
			isa = PBXFrameworksBuildPhase;
			buildActionMask = 2147483647;
			files = (
				30A2303EA9066CAC2C2A2D68 /* Pods_TwitterApp_sqlite_alamofire_TDDUITests.framework in Frameworks */,
			);
			runOnlyForDeploymentPostprocessing = 0;
		};
/* End PBXFrameworksBuildPhase section */

/* Begin PBXGroup section */
		2B278519A609CFAE470C32C6 /* Frameworks */ = {
			isa = PBXGroup;
			children = (
				B20AF41D1D75D9F1D227A657 /* Pods_TwitterApp_sqlite_alamofire_TDD.framework */,
				10BE6ACE464430AEFA8FDE74 /* Pods_TwitterApp_sqlite_alamofire_TDDTests.framework */,
				31BBCB2D4607749BD082CB24 /* Pods_TwitterApp_sqlite_alamofire_TDDUITests.framework */,
			);
			name = Frameworks;
			sourceTree = "<group>";
		};
		B1114FA62055F21200217153 = {
			isa = PBXGroup;
			children = (
				B1114FB12055F21200217153 /* TwitterApp-sqlite-alamofire-TDD */,
				B1114FC62055F21300217153 /* TwitterApp-sqlite-alamofire-TDDTests */,
				B1114FD12055F21300217153 /* TwitterApp-sqlite-alamofire-TDDUITests */,
				B1114FB02055F21200217153 /* Products */,
				B7647EB1CF3DA5D08AE77926 /* Pods */,
				2B278519A609CFAE470C32C6 /* Frameworks */,
			);
			sourceTree = "<group>";
		};
		B1114FB02055F21200217153 /* Products */ = {
			isa = PBXGroup;
			children = (
				B1114FAF2055F21200217153 /* TwitterApp-sqlite-alamofire-TDD.app */,
				B1114FC32055F21300217153 /* TwitterApp-sqlite-alamofire-TDDTests.xctest */,
				B1114FCE2055F21300217153 /* TwitterApp-sqlite-alamofire-TDDUITests.xctest */,
			);
			name = Products;
			sourceTree = "<group>";
		};
		B1114FB12055F21200217153 /* TwitterApp-sqlite-alamofire-TDD */ = {
			isa = PBXGroup;
			children = (
				B1114FE22055F38F00217153 /* Model */,
				B1114FE12055F38900217153 /* View */,
				B1114FE02055F38000217153 /* Controller */,
				B1114FB22055F21200217153 /* AppDelegate.swift */,
				B1114FB92055F21200217153 /* Assets.xcassets */,
				B1114FBE2055F21300217153 /* Info.plist */,
			);
			path = "TwitterApp-sqlite-alamofire-TDD";
			sourceTree = "<group>";
		};
		B1114FC62055F21300217153 /* TwitterApp-sqlite-alamofire-TDDTests */ = {
			isa = PBXGroup;
			children = (
				B1114FE32055F8A600217153 /* twitter */,
				B1114FC72055F21300217153 /* TwitterApp_sqlite_alamofire_TDDTests.swift */,
				B1114FC92055F21300217153 /* Info.plist */,
			);
			path = "TwitterApp-sqlite-alamofire-TDDTests";
			sourceTree = "<group>";
		};
		B1114FD12055F21300217153 /* TwitterApp-sqlite-alamofire-TDDUITests */ = {
			isa = PBXGroup;
			children = (
				B1114FD22055F21300217153 /* TwitterApp_sqlite_alamofire_TDDUITests.swift */,
				B1114FD42055F21300217153 /* Info.plist */,
			);
			path = "TwitterApp-sqlite-alamofire-TDDUITests";
			sourceTree = "<group>";
		};
		B1114FE02055F38000217153 /* Controller */ = {
			isa = PBXGroup;
			children = (
				B1114FE62055FA6000217153 /* Domain */,
				B1114FB42055F21200217153 /* ViewController.swift */,
			);
			path = Controller;
			sourceTree = "<group>";
		};
		B1114FE12055F38900217153 /* View */ = {
			isa = PBXGroup;
			children = (
				B1114FBB2055F21200217153 /* LaunchScreen.storyboard */,
				B1114FB62055F21200217153 /* Main.storyboard */,
			);
			path = View;
			sourceTree = "<group>";
		};
		B1114FE22055F38F00217153 /* Model */ = {
			isa = PBXGroup;
			children = (
				B1114FE92055FC0000217153 /* DB */,
				B1114FE82055FBFB00217153 /* DTO */,
			);
			path = Model;
			sourceTree = "<group>";
		};
		B1114FE32055F8A600217153 /* twitter */ = {
			isa = PBXGroup;
			children = (
				B1114FE42055FA5A00217153 /* TwitterDomainTest.swift */,
			);
			path = twitter;
			sourceTree = "<group>";
		};
		B1114FE62055FA6000217153 /* Domain */ = {
			isa = PBXGroup;
			children = (
				B1114FF420560DFD00217153 /* Dao */,
				B1114FF320560DE100217153 /* Repository */,
				B1114FEC205600E100217153 /* TweetDomain.swift */,
			);
			path = Domain;
			sourceTree = "<group>";
		};
		B1114FE82055FBFB00217153 /* DTO */ = {
			isa = PBXGroup;
			children = (
				B1114FEA2055FCFC00217153 /* TweetDTO.swift */,
			);
			path = DTO;
			sourceTree = "<group>";
		};
		B1114FE92055FC0000217153 /* DB */ = {
			isa = PBXGroup;
			children = (
				B1114FF02056044F00217153 /* TweetDB.swift */,
			);
			path = DB;
			sourceTree = "<group>";
		};
		B1114FF320560DE100217153 /* Repository */ = {
			isa = PBXGroup;
			children = (
				B1114FF620560E1600217153 /* Real */,
				B1114FF520560E1100217153 /* Mock */,
				B1114FF720560E4000217153 /* TweetRepositoryProtocol.swift */,
			);
			path = Repository;
			sourceTree = "<group>";
		};
		B1114FF420560DFD00217153 /* Dao */ = {
			isa = PBXGroup;
			children = (
				B1114FFB20560F0B00217153 /* TweetDao.swift */,
			);
			path = Dao;
			sourceTree = "<group>";
		};
		B1114FF520560E1100217153 /* Mock */ = {
			isa = PBXGroup;
			children = (
				B1114FF920560EE100217153 /* TweetMockRepository.swift */,
			);
			path = Mock;
			sourceTree = "<group>";
		};
		B1114FF620560E1600217153 /* Real */ = {
			isa = PBXGroup;
			children = (
			);
			path = Real;
			sourceTree = "<group>";
		};
		B7647EB1CF3DA5D08AE77926 /* Pods */ = {
			isa = PBXGroup;
			children = (
				3828255B945BC296B1BCD289 /* Pods-TwitterApp-sqlite-alamofire-TDD.debug.xcconfig */,
				C01440FFE2ED260143A8C1AA /* Pods-TwitterApp-sqlite-alamofire-TDD.release.xcconfig */,
				87DF29E7E06C212CE1B86A06 /* Pods-TwitterApp-sqlite-alamofire-TDDTests.debug.xcconfig */,
				056FB93664F4F048F7D62B8D /* Pods-TwitterApp-sqlite-alamofire-TDDTests.release.xcconfig */,
				76AEC820997A5F27E8100391 /* Pods-TwitterApp-sqlite-alamofire-TDDUITests.debug.xcconfig */,
				54E68E672788BD3C42A94ADC /* Pods-TwitterApp-sqlite-alamofire-TDDUITests.release.xcconfig */,
			);
			name = Pods;
			sourceTree = "<group>";
		};
/* End PBXGroup section */

/* Begin PBXNativeTarget section */
		B1114FAE2055F21200217153 /* TwitterApp-sqlite-alamofire-TDD */ = {
			isa = PBXNativeTarget;
			buildConfigurationList = B1114FD72055F21300217153 /* Build configuration list for PBXNativeTarget "TwitterApp-sqlite-alamofire-TDD" */;
			buildPhases = (
				99A574CAACE284DB7876520F /* [CP] Check Pods Manifest.lock */,
				B1114FAB2055F21200217153 /* Sources */,
				B1114FAC2055F21200217153 /* Frameworks */,
				B1114FAD2055F21200217153 /* Resources */,
				1ED0B8A018B8E984117ED3E0 /* [CP] Embed Pods Frameworks */,
				A4986FD1A0251D45D3A4BE71 /* [CP] Copy Pods Resources */,
			);
			buildRules = (
			);
			dependencies = (
			);
			name = "TwitterApp-sqlite-alamofire-TDD";
			productName = "TwitterApp-sqlite-alamofire-TDD";
			productReference = B1114FAF2055F21200217153 /* TwitterApp-sqlite-alamofire-TDD.app */;
			productType = "com.apple.product-type.application";
		};
		B1114FC22055F21300217153 /* TwitterApp-sqlite-alamofire-TDDTests */ = {
			isa = PBXNativeTarget;
			buildConfigurationList = B1114FDA2055F21300217153 /* Build configuration list for PBXNativeTarget "TwitterApp-sqlite-alamofire-TDDTests" */;
			buildPhases = (
				C5146898779B74AB3E19562E /* [CP] Check Pods Manifest.lock */,
				B1114FBF2055F21300217153 /* Sources */,
				B1114FC02055F21300217153 /* Frameworks */,
				B1114FC12055F21300217153 /* Resources */,
				DDD7B2FFEB2E6CB3B9292F2F /* [CP] Embed Pods Frameworks */,
				BE3AF1BBB09C1D55431E94D5 /* [CP] Copy Pods Resources */,
			);
			buildRules = (
			);
			dependencies = (
				B1114FC52055F21300217153 /* PBXTargetDependency */,
			);
			name = "TwitterApp-sqlite-alamofire-TDDTests";
			productName = "TwitterApp-sqlite-alamofire-TDDTests";
			productReference = B1114FC32055F21300217153 /* TwitterApp-sqlite-alamofire-TDDTests.xctest */;
			productType = "com.apple.product-type.bundle.unit-test";
		};
		B1114FCD2055F21300217153 /* TwitterApp-sqlite-alamofire-TDDUITests */ = {
			isa = PBXNativeTarget;
			buildConfigurationList = B1114FDD2055F21300217153 /* Build configuration list for PBXNativeTarget "TwitterApp-sqlite-alamofire-TDDUITests" */;
			buildPhases = (
				CED2EAAE82D2C10F6A6DCE88 /* [CP] Check Pods Manifest.lock */,
				B1114FCA2055F21300217153 /* Sources */,
				B1114FCB2055F21300217153 /* Frameworks */,
				B1114FCC2055F21300217153 /* Resources */,
				D512E653A7454062D0FA4587 /* [CP] Embed Pods Frameworks */,
				3FC071D0324777ADE0A3227F /* [CP] Copy Pods Resources */,
			);
			buildRules = (
			);
			dependencies = (
				B1114FD02055F21300217153 /* PBXTargetDependency */,
			);
			name = "TwitterApp-sqlite-alamofire-TDDUITests";
			productName = "TwitterApp-sqlite-alamofire-TDDUITests";
			productReference = B1114FCE2055F21300217153 /* TwitterApp-sqlite-alamofire-TDDUITests.xctest */;
			productType = "com.apple.product-type.bundle.ui-testing";
		};
/* End PBXNativeTarget section */

/* Begin PBXProject section */
		B1114FA72055F21200217153 /* Project object */ = {
			isa = PBXProject;
			attributes = {
				LastSwiftUpdateCheck = 0920;
				LastUpgradeCheck = 0920;
				ORGANIZATIONNAME = "Juan Sebastián Flórez";
				TargetAttributes = {
					B1114FAE2055F21200217153 = {
						CreatedOnToolsVersion = 9.2;
						ProvisioningStyle = Automatic;
					};
					B1114FC22055F21300217153 = {
						CreatedOnToolsVersion = 9.2;
						ProvisioningStyle = Automatic;
						TestTargetID = B1114FAE2055F21200217153;
					};
					B1114FCD2055F21300217153 = {
						CreatedOnToolsVersion = 9.2;
						ProvisioningStyle = Automatic;
						TestTargetID = B1114FAE2055F21200217153;
					};
				};
			};
			buildConfigurationList = B1114FAA2055F21200217153 /* Build configuration list for PBXProject "TwitterApp-sqlite-alamofire-TDD" */;
			compatibilityVersion = "Xcode 8.0";
			developmentRegion = en;
			hasScannedForEncodings = 0;
			knownRegions = (
				en,
				Base,
			);
			mainGroup = B1114FA62055F21200217153;
			productRefGroup = B1114FB02055F21200217153 /* Products */;
			projectDirPath = "";
			projectRoot = "";
			targets = (
				B1114FAE2055F21200217153 /* TwitterApp-sqlite-alamofire-TDD */,
				B1114FC22055F21300217153 /* TwitterApp-sqlite-alamofire-TDDTests */,
				B1114FCD2055F21300217153 /* TwitterApp-sqlite-alamofire-TDDUITests */,
			);
		};
/* End PBXProject section */

/* Begin PBXResourcesBuildPhase section */
		B1114FAD2055F21200217153 /* Resources */ = {
			isa = PBXResourcesBuildPhase;
			buildActionMask = 2147483647;
			files = (
				B1114FBD2055F21200217153 /* LaunchScreen.storyboard in Resources */,
				B1114FBA2055F21200217153 /* Assets.xcassets in Resources */,
				B1114FB82055F21200217153 /* Main.storyboard in Resources */,
			);
			runOnlyForDeploymentPostprocessing = 0;
		};
		B1114FC12055F21300217153 /* Resources */ = {
			isa = PBXResourcesBuildPhase;
			buildActionMask = 2147483647;
			files = (
			);
			runOnlyForDeploymentPostprocessing = 0;
		};
		B1114FCC2055F21300217153 /* Resources */ = {
			isa = PBXResourcesBuildPhase;
			buildActionMask = 2147483647;
			files = (
			);
			runOnlyForDeploymentPostprocessing = 0;
		};
/* End PBXResourcesBuildPhase section */

/* Begin PBXShellScriptBuildPhase section */
		1ED0B8A018B8E984117ED3E0 /* [CP] Embed Pods Frameworks */ = {
			isa = PBXShellScriptBuildPhase;
			buildActionMask = 2147483647;
			files = (
			);
			inputPaths = (
				"${SRCROOT}/Pods/Target Support Files/Pods-TwitterApp-sqlite-alamofire-TDD/Pods-TwitterApp-sqlite-alamofire-TDD-frameworks.sh",
				"${BUILT_PRODUCTS_DIR}/Alamofire/Alamofire.framework",
				"${BUILT_PRODUCTS_DIR}/AlamofireImage/AlamofireImage.framework",
				"${BUILT_PRODUCTS_DIR}/SQLite.swift/SQLite.framework",
				"${BUILT_PRODUCTS_DIR}/SwiftyJSON/SwiftyJSON.framework",
			);
			name = "[CP] Embed Pods Frameworks";
			outputPaths = (
				"${TARGET_BUILD_DIR}/${FRAMEWORKS_FOLDER_PATH}/Alamofire.framework",
				"${TARGET_BUILD_DIR}/${FRAMEWORKS_FOLDER_PATH}/AlamofireImage.framework",
				"${TARGET_BUILD_DIR}/${FRAMEWORKS_FOLDER_PATH}/SQLite.framework",
				"${TARGET_BUILD_DIR}/${FRAMEWORKS_FOLDER_PATH}/SwiftyJSON.framework",
			);
			runOnlyForDeploymentPostprocessing = 0;
			shellPath = /bin/sh;
			shellScript = "\"${SRCROOT}/Pods/Target Support Files/Pods-TwitterApp-sqlite-alamofire-TDD/Pods-TwitterApp-sqlite-alamofire-TDD-frameworks.sh\"\n";
			showEnvVarsInLog = 0;
		};
		3FC071D0324777ADE0A3227F /* [CP] Copy Pods Resources */ = {
			isa = PBXShellScriptBuildPhase;
			buildActionMask = 2147483647;
			files = (
			);
			inputPaths = (
			);
			name = "[CP] Copy Pods Resources";
			outputPaths = (
			);
			runOnlyForDeploymentPostprocessing = 0;
			shellPath = /bin/sh;
			shellScript = "\"${SRCROOT}/Pods/Target Support Files/Pods-TwitterApp-sqlite-alamofire-TDDUITests/Pods-TwitterApp-sqlite-alamofire-TDDUITests-resources.sh\"\n";
			showEnvVarsInLog = 0;
		};
		99A574CAACE284DB7876520F /* [CP] Check Pods Manifest.lock */ = {
			isa = PBXShellScriptBuildPhase;
			buildActionMask = 2147483647;
			files = (
			);
			inputPaths = (
				"${PODS_PODFILE_DIR_PATH}/Podfile.lock",
				"${PODS_ROOT}/Manifest.lock",
			);
			name = "[CP] Check Pods Manifest.lock";
			outputPaths = (
				"$(DERIVED_FILE_DIR)/Pods-TwitterApp-sqlite-alamofire-TDD-checkManifestLockResult.txt",
			);
			runOnlyForDeploymentPostprocessing = 0;
			shellPath = /bin/sh;
			shellScript = "diff \"${PODS_PODFILE_DIR_PATH}/Podfile.lock\" \"${PODS_ROOT}/Manifest.lock\" > /dev/null\nif [ $? != 0 ] ; then\n    # print error to STDERR\n    echo \"error: The sandbox is not in sync with the Podfile.lock. Run 'pod install' or update your CocoaPods installation.\" >&2\n    exit 1\nfi\n# This output is used by Xcode 'outputs' to avoid re-running this script phase.\necho \"SUCCESS\" > \"${SCRIPT_OUTPUT_FILE_0}\"\n";
			showEnvVarsInLog = 0;
		};
		A4986FD1A0251D45D3A4BE71 /* [CP] Copy Pods Resources */ = {
			isa = PBXShellScriptBuildPhase;
			buildActionMask = 2147483647;
			files = (
			);
			inputPaths = (
			);
			name = "[CP] Copy Pods Resources";
			outputPaths = (
			);
			runOnlyForDeploymentPostprocessing = 0;
			shellPath = /bin/sh;
			shellScript = "\"${SRCROOT}/Pods/Target Support Files/Pods-TwitterApp-sqlite-alamofire-TDD/Pods-TwitterApp-sqlite-alamofire-TDD-resources.sh\"\n";
			showEnvVarsInLog = 0;
		};
		BE3AF1BBB09C1D55431E94D5 /* [CP] Copy Pods Resources */ = {
			isa = PBXShellScriptBuildPhase;
			buildActionMask = 2147483647;
			files = (
			);
			inputPaths = (
			);
			name = "[CP] Copy Pods Resources";
			outputPaths = (
			);
			runOnlyForDeploymentPostprocessing = 0;
			shellPath = /bin/sh;
			shellScript = "\"${SRCROOT}/Pods/Target Support Files/Pods-TwitterApp-sqlite-alamofire-TDDTests/Pods-TwitterApp-sqlite-alamofire-TDDTests-resources.sh\"\n";
			showEnvVarsInLog = 0;
		};
		C5146898779B74AB3E19562E /* [CP] Check Pods Manifest.lock */ = {
			isa = PBXShellScriptBuildPhase;
			buildActionMask = 2147483647;
			files = (
			);
			inputPaths = (
				"${PODS_PODFILE_DIR_PATH}/Podfile.lock",
				"${PODS_ROOT}/Manifest.lock",
			);
			name = "[CP] Check Pods Manifest.lock";
			outputPaths = (
				"$(DERIVED_FILE_DIR)/Pods-TwitterApp-sqlite-alamofire-TDDTests-checkManifestLockResult.txt",
			);
			runOnlyForDeploymentPostprocessing = 0;
			shellPath = /bin/sh;
			shellScript = "diff \"${PODS_PODFILE_DIR_PATH}/Podfile.lock\" \"${PODS_ROOT}/Manifest.lock\" > /dev/null\nif [ $? != 0 ] ; then\n    # print error to STDERR\n    echo \"error: The sandbox is not in sync with the Podfile.lock. Run 'pod install' or update your CocoaPods installation.\" >&2\n    exit 1\nfi\n# This output is used by Xcode 'outputs' to avoid re-running this script phase.\necho \"SUCCESS\" > \"${SCRIPT_OUTPUT_FILE_0}\"\n";
			showEnvVarsInLog = 0;
		};
		CED2EAAE82D2C10F6A6DCE88 /* [CP] Check Pods Manifest.lock */ = {
			isa = PBXShellScriptBuildPhase;
			buildActionMask = 2147483647;
			files = (
			);
			inputPaths = (
				"${PODS_PODFILE_DIR_PATH}/Podfile.lock",
				"${PODS_ROOT}/Manifest.lock",
			);
			name = "[CP] Check Pods Manifest.lock";
			outputPaths = (
				"$(DERIVED_FILE_DIR)/Pods-TwitterApp-sqlite-alamofire-TDDUITests-checkManifestLockResult.txt",
			);
			runOnlyForDeploymentPostprocessing = 0;
			shellPath = /bin/sh;
			shellScript = "diff \"${PODS_PODFILE_DIR_PATH}/Podfile.lock\" \"${PODS_ROOT}/Manifest.lock\" > /dev/null\nif [ $? != 0 ] ; then\n    # print error to STDERR\n    echo \"error: The sandbox is not in sync with the Podfile.lock. Run 'pod install' or update your CocoaPods installation.\" >&2\n    exit 1\nfi\n# This output is used by Xcode 'outputs' to avoid re-running this script phase.\necho \"SUCCESS\" > \"${SCRIPT_OUTPUT_FILE_0}\"\n";
			showEnvVarsInLog = 0;
		};
		D512E653A7454062D0FA4587 /* [CP] Embed Pods Frameworks */ = {
			isa = PBXShellScriptBuildPhase;
			buildActionMask = 2147483647;
			files = (
			);
			inputPaths = (
			);
			name = "[CP] Embed Pods Frameworks";
			outputPaths = (
			);
			runOnlyForDeploymentPostprocessing = 0;
			shellPath = /bin/sh;
			shellScript = "\"${SRCROOT}/Pods/Target Support Files/Pods-TwitterApp-sqlite-alamofire-TDDUITests/Pods-TwitterApp-sqlite-alamofire-TDDUITests-frameworks.sh\"\n";
			showEnvVarsInLog = 0;
		};
		DDD7B2FFEB2E6CB3B9292F2F /* [CP] Embed Pods Frameworks */ = {
			isa = PBXShellScriptBuildPhase;
			buildActionMask = 2147483647;
			files = (
			);
			inputPaths = (
			);
			name = "[CP] Embed Pods Frameworks";
			outputPaths = (
			);
			runOnlyForDeploymentPostprocessing = 0;
			shellPath = /bin/sh;
			shellScript = "\"${SRCROOT}/Pods/Target Support Files/Pods-TwitterApp-sqlite-alamofire-TDDTests/Pods-TwitterApp-sqlite-alamofire-TDDTests-frameworks.sh\"\n";
			showEnvVarsInLog = 0;
		};
/* End PBXShellScriptBuildPhase section */

/* Begin PBXSourcesBuildPhase section */
		B1114FAB2055F21200217153 /* Sources */ = {
			isa = PBXSourcesBuildPhase;
			buildActionMask = 2147483647;
			files = (
				B1114FB52055F21200217153 /* ViewController.swift in Sources */,
				B1114FF12056044F00217153 /* TweetDB.swift in Sources */,
				B1114FED205600E100217153 /* TweetDomain.swift in Sources */,
				B1114FF820560E4000217153 /* TweetRepositoryProtocol.swift in Sources */,
				B1114FFA20560EE100217153 /* TweetMockRepository.swift in Sources */,
				B1114FEB2055FCFC00217153 /* TweetDTO.swift in Sources */,
				B1114FFC20560F0B00217153 /* TweetDao.swift in Sources */,
				B1114FB32055F21200217153 /* AppDelegate.swift in Sources */,
			);
			runOnlyForDeploymentPostprocessing = 0;
		};
		B1114FBF2055F21300217153 /* Sources */ = {
			isa = PBXSourcesBuildPhase;
			buildActionMask = 2147483647;
			files = (
				B1114FC82055F21300217153 /* TwitterApp_sqlite_alamofire_TDDTests.swift in Sources */,
				B1114FE52055FA5A00217153 /* TwitterDomainTest.swift in Sources */,
			);
			runOnlyForDeploymentPostprocessing = 0;
		};
		B1114FCA2055F21300217153 /* Sources */ = {
			isa = PBXSourcesBuildPhase;
			buildActionMask = 2147483647;
			files = (
				B1114FD32055F21300217153 /* TwitterApp_sqlite_alamofire_TDDUITests.swift in Sources */,
			);
			runOnlyForDeploymentPostprocessing = 0;
		};
/* End PBXSourcesBuildPhase section */

/* Begin PBXTargetDependency section */
		B1114FC52055F21300217153 /* PBXTargetDependency */ = {
			isa = PBXTargetDependency;
			target = B1114FAE2055F21200217153 /* TwitterApp-sqlite-alamofire-TDD */;
			targetProxy = B1114FC42055F21300217153 /* PBXContainerItemProxy */;
		};
		B1114FD02055F21300217153 /* PBXTargetDependency */ = {
			isa = PBXTargetDependency;
			target = B1114FAE2055F21200217153 /* TwitterApp-sqlite-alamofire-TDD */;
			targetProxy = B1114FCF2055F21300217153 /* PBXContainerItemProxy */;
		};
/* End PBXTargetDependency section */

/* Begin PBXVariantGroup section */
		B1114FB62055F21200217153 /* Main.storyboard */ = {
			isa = PBXVariantGroup;
			children = (
				B1114FB72055F21200217153 /* Base */,
			);
			name = Main.storyboard;
			sourceTree = "<group>";
		};
		B1114FBB2055F21200217153 /* LaunchScreen.storyboard */ = {
			isa = PBXVariantGroup;
			children = (
				B1114FBC2055F21200217153 /* Base */,
			);
			name = LaunchScreen.storyboard;
			sourceTree = "<group>";
		};
/* End PBXVariantGroup section */

/* Begin XCBuildConfiguration section */
		B1114FD52055F21300217153 /* Debug */ = {
			isa = XCBuildConfiguration;
			buildSettings = {
				ALWAYS_SEARCH_USER_PATHS = NO;
				CLANG_ANALYZER_NONNULL = YES;
				CLANG_ANALYZER_NUMBER_OBJECT_CONVERSION = YES_AGGRESSIVE;
				CLANG_CXX_LANGUAGE_STANDARD = "gnu++14";
				CLANG_CXX_LIBRARY = "libc++";
				CLANG_ENABLE_MODULES = YES;
				CLANG_ENABLE_OBJC_ARC = YES;
				CLANG_WARN_BLOCK_CAPTURE_AUTORELEASING = YES;
				CLANG_WARN_BOOL_CONVERSION = YES;
				CLANG_WARN_COMMA = YES;
				CLANG_WARN_CONSTANT_CONVERSION = YES;
				CLANG_WARN_DIRECT_OBJC_ISA_USAGE = YES_ERROR;
				CLANG_WARN_DOCUMENTATION_COMMENTS = YES;
				CLANG_WARN_EMPTY_BODY = YES;
				CLANG_WARN_ENUM_CONVERSION = YES;
				CLANG_WARN_INFINITE_RECURSION = YES;
				CLANG_WARN_INT_CONVERSION = YES;
				CLANG_WARN_NON_LITERAL_NULL_CONVERSION = YES;
				CLANG_WARN_OBJC_LITERAL_CONVERSION = YES;
				CLANG_WARN_OBJC_ROOT_CLASS = YES_ERROR;
				CLANG_WARN_RANGE_LOOP_ANALYSIS = YES;
				CLANG_WARN_STRICT_PROTOTYPES = YES;
				CLANG_WARN_SUSPICIOUS_MOVE = YES;
				CLANG_WARN_UNGUARDED_AVAILABILITY = YES_AGGRESSIVE;
				CLANG_WARN_UNREACHABLE_CODE = YES;
				CLANG_WARN__DUPLICATE_METHOD_MATCH = YES;
				CODE_SIGN_IDENTITY = "iPhone Developer";
				COPY_PHASE_STRIP = NO;
				DEBUG_INFORMATION_FORMAT = dwarf;
				ENABLE_STRICT_OBJC_MSGSEND = YES;
				ENABLE_TESTABILITY = YES;
				GCC_C_LANGUAGE_STANDARD = gnu11;
				GCC_DYNAMIC_NO_PIC = NO;
				GCC_NO_COMMON_BLOCKS = YES;
				GCC_OPTIMIZATION_LEVEL = 0;
				GCC_PREPROCESSOR_DEFINITIONS = (
					"DEBUG=1",
					"$(inherited)",
				);
				GCC_WARN_64_TO_32_BIT_CONVERSION = YES;
				GCC_WARN_ABOUT_RETURN_TYPE = YES_ERROR;
				GCC_WARN_UNDECLARED_SELECTOR = YES;
				GCC_WARN_UNINITIALIZED_AUTOS = YES_AGGRESSIVE;
				GCC_WARN_UNUSED_FUNCTION = YES;
				GCC_WARN_UNUSED_VARIABLE = YES;
				IPHONEOS_DEPLOYMENT_TARGET = 11.2;
				MTL_ENABLE_DEBUG_INFO = YES;
				ONLY_ACTIVE_ARCH = YES;
				SDKROOT = iphoneos;
				SWIFT_ACTIVE_COMPILATION_CONDITIONS = DEBUG;
				SWIFT_OPTIMIZATION_LEVEL = "-Onone";
			};
			name = Debug;
		};
		B1114FD62055F21300217153 /* Release */ = {
			isa = XCBuildConfiguration;
			buildSettings = {
				ALWAYS_SEARCH_USER_PATHS = NO;
				CLANG_ANALYZER_NONNULL = YES;
				CLANG_ANALYZER_NUMBER_OBJECT_CONVERSION = YES_AGGRESSIVE;
				CLANG_CXX_LANGUAGE_STANDARD = "gnu++14";
				CLANG_CXX_LIBRARY = "libc++";
				CLANG_ENABLE_MODULES = YES;
				CLANG_ENABLE_OBJC_ARC = YES;
				CLANG_WARN_BLOCK_CAPTURE_AUTORELEASING = YES;
				CLANG_WARN_BOOL_CONVERSION = YES;
				CLANG_WARN_COMMA = YES;
				CLANG_WARN_CONSTANT_CONVERSION = YES;
				CLANG_WARN_DIRECT_OBJC_ISA_USAGE = YES_ERROR;
				CLANG_WARN_DOCUMENTATION_COMMENTS = YES;
				CLANG_WARN_EMPTY_BODY = YES;
				CLANG_WARN_ENUM_CONVERSION = YES;
				CLANG_WARN_INFINITE_RECURSION = YES;
				CLANG_WARN_INT_CONVERSION = YES;
				CLANG_WARN_NON_LITERAL_NULL_CONVERSION = YES;
				CLANG_WARN_OBJC_LITERAL_CONVERSION = YES;
				CLANG_WARN_OBJC_ROOT_CLASS = YES_ERROR;
				CLANG_WARN_RANGE_LOOP_ANALYSIS = YES;
				CLANG_WARN_STRICT_PROTOTYPES = YES;
				CLANG_WARN_SUSPICIOUS_MOVE = YES;
				CLANG_WARN_UNGUARDED_AVAILABILITY = YES_AGGRESSIVE;
				CLANG_WARN_UNREACHABLE_CODE = YES;
				CLANG_WARN__DUPLICATE_METHOD_MATCH = YES;
				CODE_SIGN_IDENTITY = "iPhone Developer";
				COPY_PHASE_STRIP = NO;
				DEBUG_INFORMATION_FORMAT = "dwarf-with-dsym";
				ENABLE_NS_ASSERTIONS = NO;
				ENABLE_STRICT_OBJC_MSGSEND = YES;
				GCC_C_LANGUAGE_STANDARD = gnu11;
				GCC_NO_COMMON_BLOCKS = YES;
				GCC_WARN_64_TO_32_BIT_CONVERSION = YES;
				GCC_WARN_ABOUT_RETURN_TYPE = YES_ERROR;
				GCC_WARN_UNDECLARED_SELECTOR = YES;
				GCC_WARN_UNINITIALIZED_AUTOS = YES_AGGRESSIVE;
				GCC_WARN_UNUSED_FUNCTION = YES;
				GCC_WARN_UNUSED_VARIABLE = YES;
				IPHONEOS_DEPLOYMENT_TARGET = 11.2;
				MTL_ENABLE_DEBUG_INFO = NO;
				SDKROOT = iphoneos;
				SWIFT_OPTIMIZATION_LEVEL = "-Owholemodule";
				VALIDATE_PRODUCT = YES;
			};
			name = Release;
		};
		B1114FD82055F21300217153 /* Debug */ = {
			isa = XCBuildConfiguration;
			baseConfigurationReference = 3828255B945BC296B1BCD289 /* Pods-TwitterApp-sqlite-alamofire-TDD.debug.xcconfig */;
			buildSettings = {
				ASSETCATALOG_COMPILER_APPICON_NAME = AppIcon;
				CODE_SIGN_STYLE = Automatic;
				INFOPLIST_FILE = "TwitterApp-sqlite-alamofire-TDD/Info.plist";
				LD_RUNPATH_SEARCH_PATHS = "$(inherited) @executable_path/Frameworks";
				PRODUCT_BUNDLE_IDENTIFIER = "com.juanflorez.TwitterApp-sqlite-alamofire-TDD";
				PRODUCT_NAME = "$(TARGET_NAME)";
				SWIFT_VERSION = 4.0;
				TARGETED_DEVICE_FAMILY = "1,2";
			};
			name = Debug;
		};
		B1114FD92055F21300217153 /* Release */ = {
			isa = XCBuildConfiguration;
			baseConfigurationReference = C01440FFE2ED260143A8C1AA /* Pods-TwitterApp-sqlite-alamofire-TDD.release.xcconfig */;
			buildSettings = {
				ASSETCATALOG_COMPILER_APPICON_NAME = AppIcon;
				CODE_SIGN_STYLE = Automatic;
				INFOPLIST_FILE = "TwitterApp-sqlite-alamofire-TDD/Info.plist";
				LD_RUNPATH_SEARCH_PATHS = "$(inherited) @executable_path/Frameworks";
				PRODUCT_BUNDLE_IDENTIFIER = "com.juanflorez.TwitterApp-sqlite-alamofire-TDD";
				PRODUCT_NAME = "$(TARGET_NAME)";
				SWIFT_VERSION = 4.0;
				TARGETED_DEVICE_FAMILY = "1,2";
			};
			name = Release;
		};
		B1114FDB2055F21300217153 /* Debug */ = {
			isa = XCBuildConfiguration;
			baseConfigurationReference = 87DF29E7E06C212CE1B86A06 /* Pods-TwitterApp-sqlite-alamofire-TDDTests.debug.xcconfig */;
			buildSettings = {
				ALWAYS_EMBED_SWIFT_STANDARD_LIBRARIES = YES;
				BUNDLE_LOADER = "$(TEST_HOST)";
				CODE_SIGN_STYLE = Automatic;
				INFOPLIST_FILE = "TwitterApp-sqlite-alamofire-TDDTests/Info.plist";
				LD_RUNPATH_SEARCH_PATHS = "$(inherited) @executable_path/Frameworks @loader_path/Frameworks";
				PRODUCT_BUNDLE_IDENTIFIER = "com.juanflorez.TwitterApp-sqlite-alamofire-TDDTests";
				PRODUCT_NAME = "$(TARGET_NAME)";
				SWIFT_VERSION = 4.0;
				TARGETED_DEVICE_FAMILY = "1,2";
				TEST_HOST = "$(BUILT_PRODUCTS_DIR)/TwitterApp-sqlite-alamofire-TDD.app/TwitterApp-sqlite-alamofire-TDD";
			};
			name = Debug;
		};
		B1114FDC2055F21300217153 /* Release */ = {
			isa = XCBuildConfiguration;
			baseConfigurationReference = 056FB93664F4F048F7D62B8D /* Pods-TwitterApp-sqlite-alamofire-TDDTests.release.xcconfig */;
			buildSettings = {
				ALWAYS_EMBED_SWIFT_STANDARD_LIBRARIES = YES;
				BUNDLE_LOADER = "$(TEST_HOST)";
				CODE_SIGN_STYLE = Automatic;
				INFOPLIST_FILE = "TwitterApp-sqlite-alamofire-TDDTests/Info.plist";
				LD_RUNPATH_SEARCH_PATHS = "$(inherited) @executable_path/Frameworks @loader_path/Frameworks";
				PRODUCT_BUNDLE_IDENTIFIER = "com.juanflorez.TwitterApp-sqlite-alamofire-TDDTests";
				PRODUCT_NAME = "$(TARGET_NAME)";
				SWIFT_VERSION = 4.0;
				TARGETED_DEVICE_FAMILY = "1,2";
				TEST_HOST = "$(BUILT_PRODUCTS_DIR)/TwitterApp-sqlite-alamofire-TDD.app/TwitterApp-sqlite-alamofire-TDD";
			};
			name = Release;
		};
		B1114FDE2055F21300217153 /* Debug */ = {
			isa = XCBuildConfiguration;
			baseConfigurationReference = 76AEC820997A5F27E8100391 /* Pods-TwitterApp-sqlite-alamofire-TDDUITests.debug.xcconfig */;
			buildSettings = {
				ALWAYS_EMBED_SWIFT_STANDARD_LIBRARIES = YES;
				CODE_SIGN_STYLE = Automatic;
				INFOPLIST_FILE = "TwitterApp-sqlite-alamofire-TDDUITests/Info.plist";
				LD_RUNPATH_SEARCH_PATHS = "$(inherited) @executable_path/Frameworks @loader_path/Frameworks";
				PRODUCT_BUNDLE_IDENTIFIER = "com.juanflorez.TwitterApp-sqlite-alamofire-TDDUITests";
				PRODUCT_NAME = "$(TARGET_NAME)";
				SWIFT_VERSION = 4.0;
				TARGETED_DEVICE_FAMILY = "1,2";
				TEST_TARGET_NAME = "TwitterApp-sqlite-alamofire-TDD";
			};
			name = Debug;
		};
		B1114FDF2055F21300217153 /* Release */ = {
			isa = XCBuildConfiguration;
			baseConfigurationReference = 54E68E672788BD3C42A94ADC /* Pods-TwitterApp-sqlite-alamofire-TDDUITests.release.xcconfig */;
			buildSettings = {
				ALWAYS_EMBED_SWIFT_STANDARD_LIBRARIES = YES;
				CODE_SIGN_STYLE = Automatic;
				INFOPLIST_FILE = "TwitterApp-sqlite-alamofire-TDDUITests/Info.plist";
				LD_RUNPATH_SEARCH_PATHS = "$(inherited) @executable_path/Frameworks @loader_path/Frameworks";
				PRODUCT_BUNDLE_IDENTIFIER = "com.juanflorez.TwitterApp-sqlite-alamofire-TDDUITests";
				PRODUCT_NAME = "$(TARGET_NAME)";
				SWIFT_VERSION = 4.0;
				TARGETED_DEVICE_FAMILY = "1,2";
				TEST_TARGET_NAME = "TwitterApp-sqlite-alamofire-TDD";
			};
			name = Release;
		};
/* End XCBuildConfiguration section */

/* Begin XCConfigurationList section */
		B1114FAA2055F21200217153 /* Build configuration list for PBXProject "TwitterApp-sqlite-alamofire-TDD" */ = {
			isa = XCConfigurationList;
			buildConfigurations = (
				B1114FD52055F21300217153 /* Debug */,
				B1114FD62055F21300217153 /* Release */,
			);
			defaultConfigurationIsVisible = 0;
			defaultConfigurationName = Release;
		};
		B1114FD72055F21300217153 /* Build configuration list for PBXNativeTarget "TwitterApp-sqlite-alamofire-TDD" */ = {
			isa = XCConfigurationList;
			buildConfigurations = (
				B1114FD82055F21300217153 /* Debug */,
				B1114FD92055F21300217153 /* Release */,
			);
			defaultConfigurationIsVisible = 0;
			defaultConfigurationName = Release;
		};
		B1114FDA2055F21300217153 /* Build configuration list for PBXNativeTarget "TwitterApp-sqlite-alamofire-TDDTests" */ = {
			isa = XCConfigurationList;
			buildConfigurations = (
				B1114FDB2055F21300217153 /* Debug */,
				B1114FDC2055F21300217153 /* Release */,
			);
			defaultConfigurationIsVisible = 0;
			defaultConfigurationName = Release;
		};
		B1114FDD2055F21300217153 /* Build configuration list for PBXNativeTarget "TwitterApp-sqlite-alamofire-TDDUITests" */ = {
			isa = XCConfigurationList;
			buildConfigurations = (
				B1114FDE2055F21300217153 /* Debug */,
				B1114FDF2055F21300217153 /* Release */,
			);
			defaultConfigurationIsVisible = 0;
			defaultConfigurationName = Release;
		};
/* End XCConfigurationList section */
	};
	rootObject = B1114FA72055F21200217153 /* Project object */;
}
